
Microsoft Visual Studio Solution File, Format Version 12.00
# Visual Studio 15
VisualStudioVersion = 15.0.27703.2026
MinimumVisualStudioVersion = 10.0.40219.1
Project("{FAE04EC0-301F-11D3-BF4B-00C04F79EFBC}") = "SkatFellows.Android", "SkatFellows\SkatFellows.Android\SkatFellows.Android.csproj", "{5545A84D-F1BE-459C-B133-1A1464B32109}"
EndProject
Project("{FAE04EC0-301F-11D3-BF4B-00C04F79EFBC}") = "SkatFellows.iOS", "SkatFellows\SkatFellows.iOS\SkatFellows.iOS.csproj", "{1EE10F0D-4F35-4334-AA60-A20EDFB10737}"
EndProject
Project("{FAE04EC0-301F-11D3-BF4B-00C04F79EFBC}") = "SkatFellows.UWP", "SkatFellows\SkatFellows.UWP\SkatFellows.UWP.csproj", "{8FA16D8C-2AC5-4D89-92D2-0B48079B438B}"
EndProject
Project("{FAE04EC0-301F-11D3-BF4B-00C04F79EFBC}") = "SkatFellows", "SkatFellows\SkatFellows\SkatFellows.csproj", "{48C2738C-10D9-4C54-BD15-6723C1F786CB}"
EndProject
Global
	GlobalSection(SolutionConfigurationPlatforms) = preSolution
		Ad-Hoc|Any CPU = Ad-Hoc|Any CPU
		Ad-Hoc|ARM = Ad-Hoc|ARM
		Ad-Hoc|iPhone = Ad-Hoc|iPhone
		Ad-Hoc|iPhoneSimulator = Ad-Hoc|iPhoneSimulator
		Ad-Hoc|x64 = Ad-Hoc|x64
		Ad-Hoc|x86 = Ad-Hoc|x86
		AppStore|Any CPU = AppStore|Any CPU
		AppStore|ARM = AppStore|ARM
		AppStore|iPhone = AppStore|iPhone
		AppStore|iPhoneSimulator = AppStore|iPhoneSimulator
		AppStore|x64 = AppStore|x64
		AppStore|x86 = AppStore|x86
		Debug|Any CPU = Debug|Any CPU
		Debug|ARM = Debug|ARM
		Debug|iPhone = Debug|iPhone
		Debug|iPhoneSimulator = Debug|iPhoneSimulator
		Debug|x64 = Debug|x64
		Debug|x86 = Debug|x86
		Release|Any CPU = Release|Any CPU
		Release|ARM = Release|ARM
		Release|iPhone = Release|iPhone
		Release|iPhoneSimulator = Release|iPhoneSimulator
		Release|x64 = Release|x64
		Release|x86 = Release|x86
	EndGlobalSection
	GlobalSection(ProjectConfigurationPlatforms) = postSolution
		{5545A84D-F1BE-459C-B133-1A1464B32109}.Ad-Hoc|Any CPU.ActiveCfg = Release|Any CPU
		{5545A84D-F1BE-459C-B133-1A1464B32109}.Ad-Hoc|Any CPU.Build.0 = Release|Any CPU
		{5545A84D-F1BE-459C-B133-1A1464B32109}.Ad-Hoc|Any CPU.Deploy.0 = Release|Any CPU
		{5545A84D-F1BE-459C-B133-1A1464B32109}.Ad-Hoc|ARM.ActiveCfg = Release|Any CPU
		{5545A84D-F1BE-459C-B133-1A1464B32109}.Ad-Hoc|ARM.Build.0 = Release|Any CPU
		{5545A84D-F1BE-459C-B133-1A1464B32109}.Ad-Hoc|ARM.Deploy.0 = Release|Any CPU
		{5545A84D-F1BE-459C-B133-1A1464B32109}.Ad-Hoc|iPhone.ActiveCfg = Release|Any CPU
		{5545A84D-F1BE-459C-B133-1A1464B32109}.Ad-Hoc|iPhone.Build.0 = Release|Any CPU
		{5545A84D-F1BE-459C-B133-1A1464B32109}.Ad-Hoc|iPhone.Deploy.0 = Release|Any CPU
		{5545A84D-F1BE-459C-B133-1A1464B32109}.Ad-Hoc|iPhoneSimulator.ActiveCfg = Release|Any CPU
		{5545A84D-F1BE-459C-B133-1A1464B32109}.Ad-Hoc|iPhoneSimulator.Build.0 = Release|Any CPU
		{5545A84D-F1BE-459C-B133-1A1464B32109}.Ad-Hoc|iPhoneSimulator.Deploy.0 = Release|Any CPU
		{5545A84D-F1BE-459C-B133-1A1464B32109}.Ad-Hoc|x64.ActiveCfg = Release|Any CPU
		{5545A84D-F1BE-459C-B133-1A1464B32109}.Ad-Hoc|x64.Build.0 = Release|Any CPU
		{5545A84D-F1BE-459C-B133-1A1464B32109}.Ad-Hoc|x64.Deploy.0 = Release|Any CPU
		{5545A84D-F1BE-459C-B133-1A1464B32109}.Ad-Hoc|x86.ActiveCfg = Release|Any CPU
		{5545A84D-F1BE-459C-B133-1A1464B32109}.Ad-Hoc|x86.Build.0 = Release|Any CPU
		{5545A84D-F1BE-459C-B133-1A1464B32109}.Ad-Hoc|x86.Deploy.0 = Release|Any CPU
		{5545A84D-F1BE-459C-B133-1A1464B32109}.AppStore|Any CPU.ActiveCfg = Release|Any CPU
		{5545A84D-F1BE-459C-B133-1A1464B32109}.AppStore|Any CPU.Build.0 = Release|Any CPU
		{5545A84D-F1BE-459C-B133-1A1464B32109}.AppStore|Any CPU.Deploy.0 = Release|Any CPU
		{5545A84D-F1BE-459C-B133-1A1464B32109}.AppStore|ARM.ActiveCfg = Release|Any CPU
		{5545A84D-F1BE-459C-B133-1A1464B32109}.AppStore|ARM.Build.0 = Release|Any CPU
		{5545A84D-F1BE-459C-B133-1A1464B32109}.AppStore|ARM.Deploy.0 = Release|Any CPU
		{5545A84D-F1BE-459C-B133-1A1464B32109}.AppStore|iPhone.ActiveCfg = Release|Any CPU
		{5545A84D-F1BE-459C-B133-1A1464B32109}.AppStore|iPhone.Build.0 = Release|Any CPU
		{5545A84D-F1BE-459C-B133-1A1464B32109}.AppStore|iPhone.Deploy.0 = Release|Any CPU
		{5545A84D-F1BE-459C-B133-1A1464B32109}.AppStore|iPhoneSimulator.ActiveCfg = Release|Any CPU
		{5545A84D-F1BE-459C-B133-1A1464B32109}.AppStore|iPhoneSimulator.Build.0 = Release|Any CPU
		{5545A84D-F1BE-459C-B133-1A1464B32109}.AppStore|iPhoneSimulator.Deploy.0 = Release|Any CPU
		{5545A84D-F1BE-459C-B133-1A1464B32109}.AppStore|x64.ActiveCfg = Release|Any CPU
		{5545A84D-F1BE-459C-B133-1A1464B32109}.AppStore|x64.Build.0 = Release|Any CPU
		{5545A84D-F1BE-459C-B133-1A1464B32109}.AppStore|x64.Deploy.0 = Release|Any CPU
		{5545A84D-F1BE-459C-B133-1A1464B32109}.AppStore|x86.ActiveCfg = Release|Any CPU
		{5545A84D-F1BE-459C-B133-1A1464B32109}.AppStore|x86.Build.0 = Release|Any CPU
		{5545A84D-F1BE-459C-B133-1A1464B32109}.AppStore|x86.Deploy.0 = Release|Any CPU
		{5545A84D-F1BE-459C-B133-1A1464B32109}.Debug|Any CPU.ActiveCfg = Debug|Any CPU
		{5545A84D-F1BE-459C-B133-1A1464B32109}.Debug|Any CPU.Build.0 = Debug|Any CPU
		{5545A84D-F1BE-459C-B133-1A1464B32109}.Debug|Any CPU.Deploy.0 = Debug|Any CPU
		{5545A84D-F1BE-459C-B133-1A1464B32109}.Debug|ARM.ActiveCfg = Debug|Any CPU
		{5545A84D-F1BE-459C-B133-1A1464B32109}.Debug|ARM.Build.0 = Debug|Any CPU
		{5545A84D-F1BE-459C-B133-1A1464B32109}.Debug|ARM.Deploy.0 = Debug|Any CPU
		{5545A84D-F1BE-459C-B133-1A1464B32109}.Debug|iPhone.ActiveCfg = Debug|Any CPU
		{5545A84D-F1BE-459C-B133-1A1464B32109}.Debug|iPhone.Build.0 = Debug|Any CPU
		{5545A84D-F1BE-459C-B133-1A1464B32109}.Debug|iPhone.Deploy.0 = Debug|Any CPU
		{5545A84D-F1BE-459C-B133-1A1464B32109}.Debug|iPhoneSimulator.ActiveCfg = Debug|Any CPU
		{5545A84D-F1BE-459C-B133-1A1464B32109}.Debug|iPhoneSimulator.Build.0 = Debug|Any CPU
		{5545A84D-F1BE-459C-B133-1A1464B32109}.Debug|iPhoneSimulator.Deploy.0 = Debug|Any CPU
		{5545A84D-F1BE-459C-B133-1A1464B32109}.Debug|x64.ActiveCfg = Debug|Any CPU
		{5545A84D-F1BE-459C-B133-1A1464B32109}.Debug|x64.Build.0 = Debug|Any CPU
		{5545A84D-F1BE-459C-B133-1A1464B32109}.Debug|x64.Deploy.0 = Debug|Any CPU
		{5545A84D-F1BE-459C-B133-1A1464B32109}.Debug|x86.ActiveCfg = Debug|Any CPU
		{5545A84D-F1BE-459C-B133-1A1464B32109}.Debug|x86.Build.0 = Debug|Any CPU
		{5545A84D-F1BE-459C-B133-1A1464B32109}.Debug|x86.Deploy.0 = Debug|Any CPU
		{5545A84D-F1BE-459C-B133-1A1464B32109}.Release|Any CPU.ActiveCfg = Release|Any CPU
		{5545A84D-F1BE-459C-B133-1A1464B32109}.Release|Any CPU.Build.0 = Release|Any CPU
		{5545A84D-F1BE-459C-B133-1A1464B32109}.Release|Any CPU.Deploy.0 = Release|Any CPU
		{5545A84D-F1BE-459C-B133-1A1464B32109}.Release|ARM.ActiveCfg = Release|Any CPU
		{5545A84D-F1BE-459C-B133-1A1464B32109}.Release|ARM.Build.0 = Release|Any CPU
		{5545A84D-F1BE-459C-B133-1A1464B32109}.Release|ARM.Deploy.0 = Release|Any CPU
		{5545A84D-F1BE-459C-B133-1A1464B32109}.Release|iPhone.ActiveCfg = Release|Any CPU
		{5545A84D-F1BE-459C-B133-1A1464B32109}.Release|iPhone.Build.0 = Release|Any CPU
		{5545A84D-F1BE-459C-B133-1A1464B32109}.Release|iPhone.Deploy.0 = Release|Any CPU
		{5545A84D-F1BE-459C-B133-1A1464B32109}.Release|iPhoneSimulator.ActiveCfg = Release|Any CPU
		{5545A84D-F1BE-459C-B133-1A1464B32109}.Release|iPhoneSimulator.Build.0 = Release|Any CPU
		{5545A84D-F1BE-459C-B133-1A1464B32109}.Release|iPhoneSimulator.Deploy.0 = Release|Any CPU
		{5545A84D-F1BE-459C-B133-1A1464B32109}.Release|x64.ActiveCfg = Release|Any CPU
		{5545A84D-F1BE-459C-B133-1A1464B32109}.Release|x64.Build.0 = Release|Any CPU
		{5545A84D-F1BE-459C-B133-1A1464B32109}.Release|x64.Deploy.0 = Release|Any CPU
		{5545A84D-F1BE-459C-B133-1A1464B32109}.Release|x86.ActiveCfg = Release|Any CPU
		{5545A84D-F1BE-459C-B133-1A1464B32109}.Release|x86.Build.0 = Release|Any CPU
		{5545A84D-F1BE-459C-B133-1A1464B32109}.Release|x86.Deploy.0 = Release|Any CPU
		{1EE10F0D-4F35-4334-AA60-A20EDFB10737}.Ad-Hoc|Any CPU.ActiveCfg = Ad-Hoc|iPhone
		{1EE10F0D-4F35-4334-AA60-A20EDFB10737}.Ad-Hoc|Any CPU.Build.0 = Ad-Hoc|iPhone
		{1EE10F0D-4F35-4334-AA60-A20EDFB10737}.Ad-Hoc|Any CPU.Deploy.0 = Ad-Hoc|iPhone
		{1EE10F0D-4F35-4334-AA60-A20EDFB10737}.Ad-Hoc|ARM.ActiveCfg = Ad-Hoc|iPhone
		{1EE10F0D-4F35-4334-AA60-A20EDFB10737}.Ad-Hoc|ARM.Build.0 = Ad-Hoc|iPhone
		{1EE10F0D-4F35-4334-AA60-A20EDFB10737}.Ad-Hoc|ARM.Deploy.0 = Ad-Hoc|iPhone
		{1EE10F0D-4F35-4334-AA60-A20EDFB10737}.Ad-Hoc|iPhone.ActiveCfg = Ad-Hoc|iPhone
		{1EE10F0D-4F35-4334-AA60-A20EDFB10737}.Ad-Hoc|iPhone.Build.0 = Ad-Hoc|iPhone
		{1EE10F0D-4F35-4334-AA60-A20EDFB10737}.Ad-Hoc|iPhone.Deploy.0 = Ad-Hoc|iPhone
		{1EE10F0D-4F35-4334-AA60-A20EDFB10737}.Ad-Hoc|iPhoneSimulator.ActiveCfg = Ad-Hoc|iPhoneSimulator
		{1EE10F0D-4F35-4334-AA60-A20EDFB10737}.Ad-Hoc|iPhoneSimulator.Build.0 = Ad-Hoc|iPhoneSimulator
		{1EE10F0D-4F35-4334-AA60-A20EDFB10737}.Ad-Hoc|iPhoneSimulator.Deploy.0 = Ad-Hoc|iPhoneSimulator
		{1EE10F0D-4F35-4334-AA60-A20EDFB10737}.Ad-Hoc|x64.ActiveCfg = Ad-Hoc|iPhone
		{1EE10F0D-4F35-4334-AA60-A20EDFB10737}.Ad-Hoc|x64.Build.0 = Ad-Hoc|iPhone
		{1EE10F0D-4F35-4334-AA60-A20EDFB10737}.Ad-Hoc|x64.Deploy.0 = Ad-Hoc|iPhone
		{1EE10F0D-4F35-4334-AA60-A20EDFB10737}.Ad-Hoc|x86.ActiveCfg = Ad-Hoc|iPhone
		{1EE10F0D-4F35-4334-AA60-A20EDFB10737}.Ad-Hoc|x86.Build.0 = Ad-Hoc|iPhone
		{1EE10F0D-4F35-4334-AA60-A20EDFB10737}.Ad-Hoc|x86.Deploy.0 = Ad-Hoc|iPhone
		{1EE10F0D-4F35-4334-AA60-A20EDFB10737}.AppStore|Any CPU.ActiveCfg = AppStore|iPhone
		{1EE10F0D-4F35-4334-AA60-A20EDFB10737}.AppStore|Any CPU.Build.0 = AppStore|iPhone
		{1EE10F0D-4F35-4334-AA60-A20EDFB10737}.AppStore|Any CPU.Deploy.0 = AppStore|iPhone
		{1EE10F0D-4F35-4334-AA60-A20EDFB10737}.AppStore|ARM.ActiveCfg = AppStore|iPhone
		{1EE10F0D-4F35-4334-AA60-A20EDFB10737}.AppStore|ARM.Build.0 = AppStore|iPhone
		{1EE10F0D-4F35-4334-AA60-A20EDFB10737}.AppStore|ARM.Deploy.0 = AppStore|iPhone
		{1EE10F0D-4F35-4334-AA60-A20EDFB10737}.AppStore|iPhone.ActiveCfg = AppStore|iPhone
		{1EE10F0D-4F35-4334-AA60-A20EDFB10737}.AppStore|iPhone.Build.0 = AppStore|iPhone
		{1EE10F0D-4F35-4334-AA60-A20EDFB10737}.AppStore|iPhone.Deploy.0 = AppStore|iPhone
		{1EE10F0D-4F35-4334-AA60-A20EDFB10737}.AppStore|iPhoneSimulator.ActiveCfg = AppStore|iPhoneSimulator
		{1EE10F0D-4F35-4334-AA60-A20EDFB10737}.AppStore|iPhoneSimulator.Build.0 = AppStore|iPhoneSimulator
		{1EE10F0D-4F35-4334-AA60-A20EDFB10737}.AppStore|iPhoneSimulator.Deploy.0 = AppStore|iPhoneSimulator
		{1EE10F0D-4F35-4334-AA60-A20EDFB10737}.AppStore|x64.ActiveCfg = AppStore|iPhone
		{1EE10F0D-4F35-4334-AA60-A20EDFB10737}.AppStore|x64.Build.0 = AppStore|iPhone
		{1EE10F0D-4F35-4334-AA60-A20EDFB10737}.AppStore|x64.Deploy.0 = AppStore|iPhone
		{1EE10F0D-4F35-4334-AA60-A20EDFB10737}.AppStore|x86.ActiveCfg = AppStore|iPhone
		{1EE10F0D-4F35-4334-AA60-A20EDFB10737}.AppStore|x86.Build.0 = AppStore|iPhone
		{1EE10F0D-4F35-4334-AA60-A20EDFB10737}.AppStore|x86.Deploy.0 = AppStore|iPhone
		{1EE10F0D-4F35-4334-AA60-A20EDFB10737}.Debug|Any CPU.ActiveCfg = Debug|iPhoneSimulator
		{1EE10F0D-4F35-4334-AA60-A20EDFB10737}.Debug|Any CPU.Build.0 = Debug|iPhoneSimulator
		{1EE10F0D-4F35-4334-AA60-A20EDFB10737}.Debug|Any CPU.Deploy.0 = Debug|iPhoneSimulator
		{1EE10F0D-4F35-4334-AA60-A20EDFB10737}.Debug|ARM.ActiveCfg = Debug|iPhone
		{1EE10F0D-4F35-4334-AA60-A20EDFB10737}.Debug|ARM.Build.0 = Debug|iPhone
		{1EE10F0D-4F35-4334-AA60-A20EDFB10737}.Debug|ARM.Deploy.0 = Debug|iPhone
		{1EE10F0D-4F35-4334-AA60-A20EDFB10737}.Debug|iPhone.ActiveCfg = Debug|iPhone
		{1EE10F0D-4F35-4334-AA60-A20EDFB10737}.Debug|iPhone.Build.0 = Debug|iPhone
		{1EE10F0D-4F35-4334-AA60-A20EDFB10737}.Debug|iPhone.Deploy.0 = Debug|iPhone
		{1EE10F0D-4F35-4334-AA60-A20EDFB10737}.Debug|iPhoneSimulator.ActiveCfg = Debug|iPhoneSimulator
		{1EE10F0D-4F35-4334-AA60-A20EDFB10737}.Debug|iPhoneSimulator.Build.0 = Debug|iPhoneSimulator
		{1EE10F0D-4F35-4334-AA60-A20EDFB10737}.Debug|iPhoneSimulator.Deploy.0 = Debug|iPhoneSimulator
		{1EE10F0D-4F35-4334-AA60-A20EDFB10737}.Debug|x64.ActiveCfg = Debug|iPhone
		{1EE10F0D-4F35-4334-AA60-A20EDFB10737}.Debug|x64.Build.0 = Debug|iPhone
		{1EE10F0D-4F35-4334-AA60-A20EDFB10737}.Debug|x64.Deploy.0 = Debug|iPhone
		{1EE10F0D-4F35-4334-AA60-A20EDFB10737}.Debug|x86.ActiveCfg = Debug|iPhone
		{1EE10F0D-4F35-4334-AA60-A20EDFB10737}.Debug|x86.Build.0 = Debug|iPhone
		{1EE10F0D-4F35-4334-AA60-A20EDFB10737}.Debug|x86.Deploy.0 = Debug|iPhone
		{1EE10F0D-4F35-4334-AA60-A20EDFB10737}.Release|Any CPU.ActiveCfg = Release|iPhone
		{1EE10F0D-4F35-4334-AA60-A20EDFB10737}.Release|Any CPU.Build.0 = Release|iPhone
		{1EE10F0D-4F35-4334-AA60-A20EDFB10737}.Release|Any CPU.Deploy.0 = Release|iPhone
		{1EE10F0D-4F35-4334-AA60-A20EDFB10737}.Release|ARM.ActiveCfg = Release|iPhone
		{1EE10F0D-4F35-4334-AA60-A20EDFB10737}.Release|ARM.Build.0 = Release|iPhone
		{1EE10F0D-4F35-4334-AA60-A20EDFB10737}.Release|ARM.Deploy.0 = Release|iPhone
		{1EE10F0D-4F35-4334-AA60-A20EDFB10737}.Release|iPhone.ActiveCfg = Release|iPhone
		{1EE10F0D-4F35-4334-AA60-A20EDFB10737}.Release|iPhone.Build.0 = Release|iPhone
		{1EE10F0D-4F35-4334-AA60-A20EDFB10737}.Release|iPhone.Deploy.0 = Release|iPhone
		{1EE10F0D-4F35-4334-AA60-A20EDFB10737}.Release|iPhoneSimulator.ActiveCfg = Release|iPhoneSimulator
		{1EE10F0D-4F35-4334-AA60-A20EDFB10737}.Release|iPhoneSimulator.Build.0 = Release|iPhoneSimulator
		{1EE10F0D-4F35-4334-AA60-A20EDFB10737}.Release|iPhoneSimulator.Deploy.0 = Release|iPhoneSimulator
		{1EE10F0D-4F35-4334-AA60-A20EDFB10737}.Release|x64.ActiveCfg = Release|iPhone
		{1EE10F0D-4F35-4334-AA60-A20EDFB10737}.Release|x64.Build.0 = Release|iPhone
		{1EE10F0D-4F35-4334-AA60-A20EDFB10737}.Release|x64.Deploy.0 = Release|iPhone
		{1EE10F0D-4F35-4334-AA60-A20EDFB10737}.Release|x86.ActiveCfg = Release|iPhone
		{1EE10F0D-4F35-4334-AA60-A20EDFB10737}.Release|x86.Build.0 = Release|iPhone
		{1EE10F0D-4F35-4334-AA60-A20EDFB10737}.Release|x86.Deploy.0 = Release|iPhone
		{8FA16D8C-2AC5-4D89-92D2-0B48079B438B}.Ad-Hoc|Any CPU.ActiveCfg = Release|x86
		{8FA16D8C-2AC5-4D89-92D2-0B48079B438B}.Ad-Hoc|Any CPU.Build.0 = Release|x86
		{8FA16D8C-2AC5-4D89-92D2-0B48079B438B}.Ad-Hoc|Any CPU.Deploy.0 = Release|x86
		{8FA16D8C-2AC5-4D89-92D2-0B48079B438B}.Ad-Hoc|ARM.ActiveCfg = Release|ARM
		{8FA16D8C-2AC5-4D89-92D2-0B48079B438B}.Ad-Hoc|ARM.Build.0 = Release|ARM
		{8FA16D8C-2AC5-4D89-92D2-0B48079B438B}.Ad-Hoc|ARM.Deploy.0 = Release|ARM
		{8FA16D8C-2AC5-4D89-92D2-0B48079B438B}.Ad-Hoc|iPhone.ActiveCfg = Release|x86
		{8FA16D8C-2AC5-4D89-92D2-0B48079B438B}.Ad-Hoc|iPhone.Build.0 = Release|x86
		{8FA16D8C-2AC5-4D89-92D2-0B48079B438B}.Ad-Hoc|iPhone.Deploy.0 = Release|x86
		{8FA16D8C-2AC5-4D89-92D2-0B48079B438B}.Ad-Hoc|iPhoneSimulator.ActiveCfg = Release|x86
		{8FA16D8C-2AC5-4D89-92D2-0B48079B438B}.Ad-Hoc|iPhoneSimulator.Build.0 = Release|x86
		{8FA16D8C-2AC5-4D89-92D2-0B48079B438B}.Ad-Hoc|iPhoneSimulator.Deploy.0 = Release|x86
		{8FA16D8C-2AC5-4D89-92D2-0B48079B438B}.Ad-Hoc|x64.ActiveCfg = Release|x64
		{8FA16D8C-2AC5-4D89-92D2-0B48079B438B}.Ad-Hoc|x64.Build.0 = Release|x64
		{8FA16D8C-2AC5-4D89-92D2-0B48079B438B}.Ad-Hoc|x64.Deploy.0 = Release|x64
		{8FA16D8C-2AC5-4D89-92D2-0B48079B438B}.Ad-Hoc|x86.ActiveCfg = Release|x86
		{8FA16D8C-2AC5-4D89-92D2-0B48079B438B}.Ad-Hoc|x86.Build.0 = Release|x86
		{8FA16D8C-2AC5-4D89-92D2-0B48079B438B}.Ad-Hoc|x86.Deploy.0 = Release|x86
		{8FA16D8C-2AC5-4D89-92D2-0B48079B438B}.AppStore|Any CPU.ActiveCfg = Release|x86
		{8FA16D8C-2AC5-4D89-92D2-0B48079B438B}.AppStore|Any CPU.Build.0 = Release|x86
		{8FA16D8C-2AC5-4D89-92D2-0B48079B438B}.AppStore|Any CPU.Deploy.0 = Release|x86
		{8FA16D8C-2AC5-4D89-92D2-0B48079B438B}.AppStore|ARM.ActiveCfg = Release|ARM
		{8FA16D8C-2AC5-4D89-92D2-0B48079B438B}.AppStore|ARM.Build.0 = Release|ARM
		{8FA16D8C-2AC5-4D89-92D2-0B48079B438B}.AppStore|ARM.Deploy.0 = Release|ARM
		{8FA16D8C-2AC5-4D89-92D2-0B48079B438B}.AppStore|iPhone.ActiveCfg = Release|x86
		{8FA16D8C-2AC5-4D89-92D2-0B48079B438B}.AppStore|iPhone.Build.0 = Release|x86
		{8FA16D8C-2AC5-4D89-92D2-0B48079B438B}.AppStore|iPhone.Deploy.0 = Release|x86
		{8FA16D8C-2AC5-4D89-92D2-0B48079B438B}.AppStore|iPhoneSimulator.ActiveCfg = Release|x86
		{8FA16D8C-2AC5-4D89-92D2-0B48079B438B}.AppStore|iPhoneSimulator.Build.0 = Release|x86
		{8FA16D8C-2AC5-4D89-92D2-0B48079B438B}.AppStore|iPhoneSimulator.Deploy.0 = Release|x86
		{8FA16D8C-2AC5-4D89-92D2-0B48079B438B}.AppStore|x64.ActiveCfg = Release|x64
		{8FA16D8C-2AC5-4D89-92D2-0B48079B438B}.AppStore|x64.Build.0 = Release|x64
		{8FA16D8C-2AC5-4D89-92D2-0B48079B438B}.AppStore|x64.Deploy.0 = Release|x64
		{8FA16D8C-2AC5-4D89-92D2-0B48079B438B}.AppStore|x86.ActiveCfg = Release|x86
		{8FA16D8C-2AC5-4D89-92D2-0B48079B438B}.AppStore|x86.Build.0 = Release|x86
		{8FA16D8C-2AC5-4D89-92D2-0B48079B438B}.AppStore|x86.Deploy.0 = Release|x86
		{8FA16D8C-2AC5-4D89-92D2-0B48079B438B}.Debug|Any CPU.ActiveCfg = Debug|x86
		{8FA16D8C-2AC5-4D89-92D2-0B48079B438B}.Debug|Any CPU.Build.0 = Debug|x86
		{8FA16D8C-2AC5-4D89-92D2-0B48079B438B}.Debug|Any CPU.Deploy.0 = Debug|x86
		{8FA16D8C-2AC5-4D89-92D2-0B48079B438B}.Debug|ARM.ActiveCfg = Debug|ARM
		{8FA16D8C-2AC5-4D89-92D2-0B48079B438B}.Debug|ARM.Build.0 = Debug|ARM
		{8FA16D8C-2AC5-4D89-92D2-0B48079B438B}.Debug|ARM.Deploy.0 = Debug|ARM
		{8FA16D8C-2AC5-4D89-92D2-0B48079B438B}.Debug|iPhone.ActiveCfg = Debug|x86
		{8FA16D8C-2AC5-4D89-92D2-0B48079B438B}.Debug|iPhone.Build.0 = Debug|x86
		{8FA16D8C-2AC5-4D89-92D2-0B48079B438B}.Debug|iPhone.Deploy.0 = Debug|x86
		{8FA16D8C-2AC5-4D89-92D2-0B48079B438B}.Debug|iPhoneSimulator.ActiveCfg = Debug|x86
		{8FA16D8C-2AC5-4D89-92D2-0B48079B438B}.Debug|iPhoneSimulator.Build.0 = Debug|x86
		{8FA16D8C-2AC5-4D89-92D2-0B48079B438B}.Debug|iPhoneSimulator.Deploy.0 = Debug|x86
		{8FA16D8C-2AC5-4D89-92D2-0B48079B438B}.Debug|x64.ActiveCfg = Debug|x64
		{8FA16D8C-2AC5-4D89-92D2-0B48079B438B}.Debug|x64.Build.0 = Debug|x64
		{8FA16D8C-2AC5-4D89-92D2-0B48079B438B}.Debug|x64.Deploy.0 = Debug|x64
		{8FA16D8C-2AC5-4D89-92D2-0B48079B438B}.Debug|x86.ActiveCfg = Debug|x86
		{8FA16D8C-2AC5-4D89-92D2-0B48079B438B}.Debug|x86.Build.0 = Debug|x86
		{8FA16D8C-2AC5-4D89-92D2-0B48079B438B}.Debug|x86.Deploy.0 = Debug|x86
		{8FA16D8C-2AC5-4D89-92D2-0B48079B438B}.Release|Any CPU.ActiveCfg = Release|x86
		{8FA16D8C-2AC5-4D89-92D2-0B48079B438B}.Release|Any CPU.Build.0 = Release|x86
		{8FA16D8C-2AC5-4D89-92D2-0B48079B438B}.Release|Any CPU.Deploy.0 = Release|x86
		{8FA16D8C-2AC5-4D89-92D2-0B48079B438B}.Release|ARM.ActiveCfg = Release|ARM
		{8FA16D8C-2AC5-4D89-92D2-0B48079B438B}.Release|ARM.Build.0 = Release|ARM
		{8FA16D8C-2AC5-4D89-92D2-0B48079B438B}.Release|ARM.Deploy.0 = Release|ARM
		{8FA16D8C-2AC5-4D89-92D2-0B48079B438B}.Release|iPhone.ActiveCfg = Release|x86
		{8FA16D8C-2AC5-4D89-92D2-0B48079B438B}.Release|iPhone.Build.0 = Release|x86
		{8FA16D8C-2AC5-4D89-92D2-0B48079B438B}.Release|iPhone.Deploy.0 = Release|x86
		{8FA16D8C-2AC5-4D89-92D2-0B48079B438B}.Release|iPhoneSimulator.ActiveCfg = Release|x86
		{8FA16D8C-2AC5-4D89-92D2-0B48079B438B}.Release|iPhoneSimulator.Build.0 = Release|x86
		{8FA16D8C-2AC5-4D89-92D2-0B48079B438B}.Release|iPhoneSimulator.Deploy.0 = Release|x86
		{8FA16D8C-2AC5-4D89-92D2-0B48079B438B}.Release|x64.ActiveCfg = Release|x64
		{8FA16D8C-2AC5-4D89-92D2-0B48079B438B}.Release|x64.Build.0 = Release|x64
		{8FA16D8C-2AC5-4D89-92D2-0B48079B438B}.Release|x64.Deploy.0 = Release|x64
		{8FA16D8C-2AC5-4D89-92D2-0B48079B438B}.Release|x86.ActiveCfg = Release|x86
		{8FA16D8C-2AC5-4D89-92D2-0B48079B438B}.Release|x86.Build.0 = Release|x86
		{8FA16D8C-2AC5-4D89-92D2-0B48079B438B}.Release|x86.Deploy.0 = Release|x86
		{48C2738C-10D9-4C54-BD15-6723C1F786CB}.Ad-Hoc|Any CPU.ActiveCfg = Debug|Any CPU
		{48C2738C-10D9-4C54-BD15-6723C1F786CB}.Ad-Hoc|Any CPU.Build.0 = Debug|Any CPU
		{48C2738C-10D9-4C54-BD15-6723C1F786CB}.Ad-Hoc|Any CPU.Deploy.0 = Debug|Any CPU
		{48C2738C-10D9-4C54-BD15-6723C1F786CB}.Ad-Hoc|ARM.ActiveCfg = Debug|Any CPU
		{48C2738C-10D9-4C54-BD15-6723C1F786CB}.Ad-Hoc|ARM.Build.0 = Debug|Any CPU
		{48C2738C-10D9-4C54-BD15-6723C1F786CB}.Ad-Hoc|ARM.Deploy.0 = Debug|Any CPU
		{48C2738C-10D9-4C54-BD15-6723C1F786CB}.Ad-Hoc|iPhone.ActiveCfg = Debug|Any CPU
		{48C2738C-10D9-4C54-BD15-6723C1F786CB}.Ad-Hoc|iPhone.Build.0 = Debug|Any CPU
		{48C2738C-10D9-4C54-BD15-6723C1F786CB}.Ad-Hoc|iPhone.Deploy.0 = Debug|Any CPU
		{48C2738C-10D9-4C54-BD15-6723C1F786CB}.Ad-Hoc|iPhoneSimulator.ActiveCfg = Debug|Any CPU
		{48C2738C-10D9-4C54-BD15-6723C1F786CB}.Ad-Hoc|iPhoneSimulator.Build.0 = Debug|Any CPU
		{48C2738C-10D9-4C54-BD15-6723C1F786CB}.Ad-Hoc|iPhoneSimulator.Deploy.0 = Debug|Any CPU
		{48C2738C-10D9-4C54-BD15-6723C1F786CB}.Ad-Hoc|x64.ActiveCfg = Debug|Any CPU
		{48C2738C-10D9-4C54-BD15-6723C1F786CB}.Ad-Hoc|x64.Build.0 = Debug|Any CPU
		{48C2738C-10D9-4C54-BD15-6723C1F786CB}.Ad-Hoc|x64.Deploy.0 = Debug|Any CPU
		{48C2738C-10D9-4C54-BD15-6723C1F786CB}.Ad-Hoc|x86.ActiveCfg = Debug|Any CPU
		{48C2738C-10D9-4C54-BD15-6723C1F786CB}.Ad-Hoc|x86.Build.0 = Debug|Any CPU
		{48C2738C-10D9-4C54-BD15-6723C1F786CB}.Ad-Hoc|x86.Deploy.0 = Debug|Any CPU
		{48C2738C-10D9-4C54-BD15-6723C1F786CB}.AppStore|Any CPU.ActiveCfg = Debug|Any CPU
		{48C2738C-10D9-4C54-BD15-6723C1F786CB}.AppStore|Any CPU.Build.0 = Debug|Any CPU
		{48C2738C-10D9-4C54-BD15-6723C1F786CB}.AppStore|Any CPU.Deploy.0 = Debug|Any CPU
		{48C2738C-10D9-4C54-BD15-6723C1F786CB}.AppStore|ARM.ActiveCfg = Debug|Any CPU
		{48C2738C-10D9-4C54-BD15-6723C1F786CB}.AppStore|ARM.Build.0 = Debug|Any CPU
		{48C2738C-10D9-4C54-BD15-6723C1F786CB}.AppStore|ARM.Deploy.0 = Debug|Any CPU
		{48C2738C-10D9-4C54-BD15-6723C1F786CB}.AppStore|iPhone.ActiveCfg = Debug|Any CPU
		{48C2738C-10D9-4C54-BD15-6723C1F786CB}.AppStore|iPhone.Build.0 = Debug|Any CPU
		{48C2738C-10D9-4C54-BD15-6723C1F786CB}.AppStore|iPhone.Deploy.0 = Debug|Any CPU
		{48C2738C-10D9-4C54-BD15-6723C1F786CB}.AppStore|iPhoneSimulator.ActiveCfg = Debug|Any CPU
		{48C2738C-10D9-4C54-BD15-6723C1F786CB}.AppStore|iPhoneSimulator.Build.0 = Debug|Any CPU
		{48C2738C-10D9-4C54-BD15-6723C1F786CB}.AppStore|iPhoneSimulator.Deploy.0 = Debug|Any CPU
		{48C2738C-10D9-4C54-BD15-6723C1F786CB}.AppStore|x64.ActiveCfg = Debug|Any CPU
		{48C2738C-10D9-4C54-BD15-6723C1F786CB}.AppStore|x64.Build.0 = Debug|Any CPU
		{48C2738C-10D9-4C54-BD15-6723C1F786CB}.AppStore|x64.Deploy.0 = Debug|Any CPU
		{48C2738C-10D9-4C54-BD15-6723C1F786CB}.AppStore|x86.ActiveCfg = Debug|Any CPU
		{48C2738C-10D9-4C54-BD15-6723C1F786CB}.AppStore|x86.Build.0 = Debug|Any CPU
		{48C2738C-10D9-4C54-BD15-6723C1F786CB}.AppStore|x86.Deploy.0 = Debug|Any CPU
		{48C2738C-10D9-4C54-BD15-6723C1F786CB}.Debug|Any CPU.ActiveCfg = Debug|Any CPU
		{48C2738C-10D9-4C54-BD15-6723C1F786CB}.Debug|Any CPU.Build.0 = Debug|Any CPU
		{48C2738C-10D9-4C54-BD15-6723C1F786CB}.Debug|Any CPU.Deploy.0 = Debug|Any CPU
		{48C2738C-10D9-4C54-BD15-6723C1F786CB}.Debug|ARM.ActiveCfg = Debug|Any CPU
		{48C2738C-10D9-4C54-BD15-6723C1F786CB}.Debug|ARM.Build.0 = Debug|Any CPU
		{48C2738C-10D9-4C54-BD15-6723C1F786CB}.Debug|ARM.Deploy.0 = Debug|Any CPU
		{48C2738C-10D9-4C54-BD15-6723C1F786CB}.Debug|iPhone.ActiveCfg = Debug|Any CPU
		{48C2738C-10D9-4C54-BD15-6723C1F786CB}.Debug|iPhone.Build.0 = Debug|Any CPU
		{48C2738C-10D9-4C54-BD15-6723C1F786CB}.Debug|iPhone.Deploy.0 = Debug|Any CPU
		{48C2738C-10D9-4C54-BD15-6723C1F786CB}.Debug|iPhoneSimulator.ActiveCfg = Debug|Any CPU
		{48C2738C-10D9-4C54-BD15-6723C1F786CB}.Debug|iPhoneSimulator.Build.0 = Debug|Any CPU
		{48C2738C-10D9-4C54-BD15-6723C1F786CB}.Debug|iPhoneSimulator.Deploy.0 = Debug|Any CPU
		{48C2738C-10D9-4C54-BD15-6723C1F786CB}.Debug|x64.ActiveCfg = Debug|Any CPU
		{48C2738C-10D9-4C54-BD15-6723C1F786CB}.Debug|x64.Build.0 = Debug|Any CPU
		{48C2738C-10D9-4C54-BD15-6723C1F786CB}.Debug|x64.Deploy.0 = Debug|Any CPU
		{48C2738C-10D9-4C54-BD15-6723C1F786CB}.Debug|x86.ActiveCfg = Debug|Any CPU
		{48C2738C-10D9-4C54-BD15-6723C1F786CB}.Debug|x86.Build.0 = Debug|Any CPU
		{48C2738C-10D9-4C54-BD15-6723C1F786CB}.Debug|x86.Deploy.0 = Debug|Any CPU
		{48C2738C-10D9-4C54-BD15-6723C1F786CB}.Release|Any CPU.ActiveCfg = Release|Any CPU
		{48C2738C-10D9-4C54-BD15-6723C1F786CB}.Release|Any CPU.Build.0 = Release|Any CPU
		{48C2738C-10D9-4C54-BD15-6723C1F786CB}.Release|Any CPU.Deploy.0 = Release|Any CPU
		{48C2738C-10D9-4C54-BD15-6723C1F786CB}.Release|ARM.ActiveCfg = Release|Any CPU
		{48C2738C-10D9-4C54-BD15-6723C1F786CB}.Release|ARM.Build.0 = Release|Any CPU
		{48C2738C-10D9-4C54-BD15-6723C1F786CB}.Release|ARM.Deploy.0 = Release|Any CPU
		{48C2738C-10D9-4C54-BD15-6723C1F786CB}.Release|iPhone.ActiveCfg = Release|Any CPU
		{48C2738C-10D9-4C54-BD15-6723C1F786CB}.Release|iPhone.Build.0 = Release|Any CPU
		{48C2738C-10D9-4C54-BD15-6723C1F786CB}.Release|iPhone.Deploy.0 = Release|Any CPU
		{48C2738C-10D9-4C54-BD15-6723C1F786CB}.Release|iPhoneSimulator.ActiveCfg = Release|Any CPU
		{48C2738C-10D9-4C54-BD15-6723C1F786CB}.Release|iPhoneSimulator.Build.0 = Release|Any CPU
		{48C2738C-10D9-4C54-BD15-6723C1F786CB}.Release|iPhoneSimulator.Deploy.0 = Release|Any CPU
		{48C2738C-10D9-4C54-BD15-6723C1F786CB}.Release|x64.ActiveCfg = Release|Any CPU
		{48C2738C-10D9-4C54-BD15-6723C1F786CB}.Release|x64.Build.0 = Release|Any CPU
		{48C2738C-10D9-4C54-BD15-6723C1F786CB}.Release|x64.Deploy.0 = Release|Any CPU
		{48C2738C-10D9-4C54-BD15-6723C1F786CB}.Release|x86.ActiveCfg = Release|Any CPU
		{48C2738C-10D9-4C54-BD15-6723C1F786CB}.Release|x86.Build.0 = Release|Any CPU
		{48C2738C-10D9-4C54-BD15-6723C1F786CB}.Release|x86.Deploy.0 = Release|Any CPU
	EndGlobalSection
	GlobalSection(SolutionProperties) = preSolution
		HideSolutionNode = FALSE
	EndGlobalSection
	GlobalSection(ExtensibilityGlobals) = postSolution
		SolutionGuid = {CDAABA3D-1598-4930-9807-CA11CA306504}
	EndGlobalSection
EndGlobal
